
Microsoft Visual Studio Solution File, Format Version 12.00
# Visual Studio Version 17
VisualStudioVersion = 17.0.31903.59
MinimumVisualStudioVersion = 10.0.40219.1
Project("{2150E333-8FDC-42A3-9474-1A3956D46DE8}") = "AuthService", "AuthService", "{54C27F26-71CB-9721-02CF-9E5332C2F895}"
EndProject
Project("{FAE04EC0-301F-11D3-BF4B-00C04F79EFBC}") = "Authservice", "AuthService\Authservice.csproj", "{C41B9032-4626-4ED0-9063-F2007E96CC12}"
EndProject
Project("{FAE04EC0-301F-11D3-BF4B-00C04F79EFBC}") = "ApiGateWay", "ApiGateWay\ApiGateWay.csproj", "{112DA5D2-1558-4600-90A7-B7EF1D302C13}"
EndProject
Project("{FAE04EC0-301F-11D3-BF4B-00C04F79EFBC}") = "CartService", "CartService\CartService.csproj", "{DE2A67A9-E86B-49F8-9AB1-90382FAC6241}"
EndProject
Project("{FAE04EC0-301F-11D3-BF4B-00C04F79EFBC}") = "DeliveryService", "DeliveryService\DeliveryService.csproj", "{85CFF509-06C6-4094-9E9D-4B0B1D19746F}"
EndProject
Project("{2150E333-8FDC-42A3-9474-1A3956D46DE8}") = "InventoryService", "InventoryService", "{2C0108AB-5D27-61AE-3E27-841A964D9CD4}"
EndProject
Project("{FAE04EC0-301F-11D3-BF4B-00C04F79EFBC}") = "INventoryService", "InventoryService\INventoryService.csproj", "{661FED62-E29F-417D-96FF-1BA1B64CA4EE}"
EndProject
Project("{FAE04EC0-301F-11D3-BF4B-00C04F79EFBC}") = "NotificationService", "NotificationService\NotificationService.csproj", "{22EAF7F2-53E9-45E6-A661-E6ABF500C27E}"
EndProject
Project("{FAE04EC0-301F-11D3-BF4B-00C04F79EFBC}") = "OrderService", "OrderService\OrderService.csproj", "{5F884986-C1C6-4549-B09E-5FC346751B6A}"
EndProject
Project("{FAE04EC0-301F-11D3-BF4B-00C04F79EFBC}") = "PaymentService", "PaymentService\PaymentService.csproj", "{45A1F0B6-2847-4B01-89CD-93820432934A}"
EndProject
Project("{FAE04EC0-301F-11D3-BF4B-00C04F79EFBC}") = "ProductService", "ProductService\ProductService.csproj", "{86B27443-9EDE-44B0-AC75-72B4F7CF38D4}"
EndProject
Project("{FAE04EC0-301F-11D3-BF4B-00C04F79EFBC}") = "ReviewService", "ReviewService\ReviewService.csproj", "{55B16DEA-F50A-4236-80BA-3F552497D2BB}"
EndProject
Project("{FAE04EC0-301F-11D3-BF4B-00C04F79EFBC}") = "AuthService.Tests", "AuthService.Tests\AuthService.Tests.csproj", "{550B6FE4-3785-4ECF-B69B-F9F41B706DDA}"
EndProject
Project("{FAE04EC0-301F-11D3-BF4B-00C04F79EFBC}") = "ProductService.Tests", "ProductService.Tests\ProductService.Tests.csproj", "{BF7A5F23-CE81-4877-AE09-958FA3A87D53}"
EndProject
Project("{FAE04EC0-301F-11D3-BF4B-00C04F79EFBC}") = "InventoryService.Tests", "InventoryService.Tests\InventoryService.Tests.csproj", "{C7EA4589-741D-4826-A5AB-BD14E36034B1}"
EndProject
Project("{FAE04EC0-301F-11D3-BF4B-00C04F79EFBC}") = "CartService.Test", "CartService.Test\CartService.Test.csproj", "{540EB84D-A4FA-41DD-A4B7-9ABA9F841835}"
EndProject
Project("{FAE04EC0-301F-11D3-BF4B-00C04F79EFBC}") = "OrderService.Test", "OrderService.Test\OrderService.Test.csproj", "{8DC2947A-6591-4B27-BB43-5A77EDF780C6}"
EndProject
Project("{FAE04EC0-301F-11D3-BF4B-00C04F79EFBC}") = "PaymentService.Test", "PaymentService.Test\PaymentService.Test.csproj", "{27A6EDC5-6CDB-47DF-AAC4-AE83A7336E5D}"
EndProject
Project("{FAE04EC0-301F-11D3-BF4B-00C04F79EFBC}") = "DeliveryService.Test", "DeliveryService.Test\DeliveryService.Test.csproj", "{655A1832-6DD1-47D5-A7ED-DEAF1CB2C789}"
EndProject
Project("{FAE04EC0-301F-11D3-BF4B-00C04F79EFBC}") = "ReviewService.Test", "ReviewService.Test\ReviewService.Test.csproj", "{A30BF4E1-DA67-445F-A5C2-632A2C807DB3}"
EndProject
Project("{FAE04EC0-301F-11D3-BF4B-00C04F79EFBC}") = "NotificationService.Test", "NotificationService.Test\NotificationService.Test.csproj", "{97B06943-FD63-4138-A498-30394945121D}"
EndProject
Project("{FAE04EC0-301F-11D3-BF4B-00C04F79EFBC}") = "Messaging.Test", "Messaging.Test\Messaging.Test.csproj", "{6BC288CD-0661-4941-8A52-8D920E69059A}"
EndProject
Global
	GlobalSection(SolutionConfigurationPlatforms) = preSolution
		Debug|Any CPU = Debug|Any CPU
		Debug|x64 = Debug|x64
		Debug|x86 = Debug|x86
		Release|Any CPU = Release|Any CPU
		Release|x64 = Release|x64
		Release|x86 = Release|x86
	EndGlobalSection
	GlobalSection(ProjectConfigurationPlatforms) = postSolution
		{C41B9032-4626-4ED0-9063-F2007E96CC12}.Debug|Any CPU.ActiveCfg = Debug|Any CPU
		{C41B9032-4626-4ED0-9063-F2007E96CC12}.Debug|Any CPU.Build.0 = Debug|Any CPU
		{C41B9032-4626-4ED0-9063-F2007E96CC12}.Debug|x64.ActiveCfg = Debug|Any CPU
		{C41B9032-4626-4ED0-9063-F2007E96CC12}.Debug|x64.Build.0 = Debug|Any CPU
		{C41B9032-4626-4ED0-9063-F2007E96CC12}.Debug|x86.ActiveCfg = Debug|Any CPU
		{C41B9032-4626-4ED0-9063-F2007E96CC12}.Debug|x86.Build.0 = Debug|Any CPU
		{C41B9032-4626-4ED0-9063-F2007E96CC12}.Release|Any CPU.ActiveCfg = Release|Any CPU
		{C41B9032-4626-4ED0-9063-F2007E96CC12}.Release|Any CPU.Build.0 = Release|Any CPU
		{C41B9032-4626-4ED0-9063-F2007E96CC12}.Release|x64.ActiveCfg = Release|Any CPU
		{C41B9032-4626-4ED0-9063-F2007E96CC12}.Release|x64.Build.0 = Release|Any CPU
		{C41B9032-4626-4ED0-9063-F2007E96CC12}.Release|x86.ActiveCfg = Release|Any CPU
		{C41B9032-4626-4ED0-9063-F2007E96CC12}.Release|x86.Build.0 = Release|Any CPU
		{112DA5D2-1558-4600-90A7-B7EF1D302C13}.Debug|Any CPU.ActiveCfg = Debug|Any CPU
		{112DA5D2-1558-4600-90A7-B7EF1D302C13}.Debug|Any CPU.Build.0 = Debug|Any CPU
		{112DA5D2-1558-4600-90A7-B7EF1D302C13}.Debug|x64.ActiveCfg = Debug|Any CPU
		{112DA5D2-1558-4600-90A7-B7EF1D302C13}.Debug|x64.Build.0 = Debug|Any CPU
		{112DA5D2-1558-4600-90A7-B7EF1D302C13}.Debug|x86.ActiveCfg = Debug|Any CPU
		{112DA5D2-1558-4600-90A7-B7EF1D302C13}.Debug|x86.Build.0 = Debug|Any CPU
		{112DA5D2-1558-4600-90A7-B7EF1D302C13}.Release|Any CPU.ActiveCfg = Release|Any CPU
		{112DA5D2-1558-4600-90A7-B7EF1D302C13}.Release|Any CPU.Build.0 = Release|Any CPU
		{112DA5D2-1558-4600-90A7-B7EF1D302C13}.Release|x64.ActiveCfg = Release|Any CPU
		{112DA5D2-1558-4600-90A7-B7EF1D302C13}.Release|x64.Build.0 = Release|Any CPU
		{112DA5D2-1558-4600-90A7-B7EF1D302C13}.Release|x86.ActiveCfg = Release|Any CPU
		{112DA5D2-1558-4600-90A7-B7EF1D302C13}.Release|x86.Build.0 = Release|Any CPU
		{DE2A67A9-E86B-49F8-9AB1-90382FAC6241}.Debug|Any CPU.ActiveCfg = Debug|Any CPU
		{DE2A67A9-E86B-49F8-9AB1-90382FAC6241}.Debug|Any CPU.Build.0 = Debug|Any CPU
		{DE2A67A9-E86B-49F8-9AB1-90382FAC6241}.Debug|x64.ActiveCfg = Debug|Any CPU
		{DE2A67A9-E86B-49F8-9AB1-90382FAC6241}.Debug|x64.Build.0 = Debug|Any CPU
		{DE2A67A9-E86B-49F8-9AB1-90382FAC6241}.Debug|x86.ActiveCfg = Debug|Any CPU
		{DE2A67A9-E86B-49F8-9AB1-90382FAC6241}.Debug|x86.Build.0 = Debug|Any CPU
		{DE2A67A9-E86B-49F8-9AB1-90382FAC6241}.Release|Any CPU.ActiveCfg = Release|Any CPU
		{DE2A67A9-E86B-49F8-9AB1-90382FAC6241}.Release|Any CPU.Build.0 = Release|Any CPU
		{DE2A67A9-E86B-49F8-9AB1-90382FAC6241}.Release|x64.ActiveCfg = Release|Any CPU
		{DE2A67A9-E86B-49F8-9AB1-90382FAC6241}.Release|x64.Build.0 = Release|Any CPU
		{DE2A67A9-E86B-49F8-9AB1-90382FAC6241}.Release|x86.ActiveCfg = Release|Any CPU
		{DE2A67A9-E86B-49F8-9AB1-90382FAC6241}.Release|x86.Build.0 = Release|Any CPU
		{85CFF509-06C6-4094-9E9D-4B0B1D19746F}.Debug|Any CPU.ActiveCfg = Debug|Any CPU
		{85CFF509-06C6-4094-9E9D-4B0B1D19746F}.Debug|Any CPU.Build.0 = Debug|Any CPU
		{85CFF509-06C6-4094-9E9D-4B0B1D19746F}.Debug|x64.ActiveCfg = Debug|Any CPU
		{85CFF509-06C6-4094-9E9D-4B0B1D19746F}.Debug|x64.Build.0 = Debug|Any CPU
		{85CFF509-06C6-4094-9E9D-4B0B1D19746F}.Debug|x86.ActiveCfg = Debug|Any CPU
		{85CFF509-06C6-4094-9E9D-4B0B1D19746F}.Debug|x86.Build.0 = Debug|Any CPU
		{85CFF509-06C6-4094-9E9D-4B0B1D19746F}.Release|Any CPU.ActiveCfg = Release|Any CPU
		{85CFF509-06C6-4094-9E9D-4B0B1D19746F}.Release|Any CPU.Build.0 = Release|Any CPU
		{85CFF509-06C6-4094-9E9D-4B0B1D19746F}.Release|x64.ActiveCfg = Release|Any CPU
		{85CFF509-06C6-4094-9E9D-4B0B1D19746F}.Release|x64.Build.0 = Release|Any CPU
		{85CFF509-06C6-4094-9E9D-4B0B1D19746F}.Release|x86.ActiveCfg = Release|Any CPU
		{85CFF509-06C6-4094-9E9D-4B0B1D19746F}.Release|x86.Build.0 = Release|Any CPU
		{661FED62-E29F-417D-96FF-1BA1B64CA4EE}.Debug|Any CPU.ActiveCfg = Debug|Any CPU
		{661FED62-E29F-417D-96FF-1BA1B64CA4EE}.Debug|Any CPU.Build.0 = Debug|Any CPU
		{661FED62-E29F-417D-96FF-1BA1B64CA4EE}.Debug|x64.ActiveCfg = Debug|Any CPU
		{661FED62-E29F-417D-96FF-1BA1B64CA4EE}.Debug|x64.Build.0 = Debug|Any CPU
		{661FED62-E29F-417D-96FF-1BA1B64CA4EE}.Debug|x86.ActiveCfg = Debug|Any CPU
		{661FED62-E29F-417D-96FF-1BA1B64CA4EE}.Debug|x86.Build.0 = Debug|Any CPU
		{661FED62-E29F-417D-96FF-1BA1B64CA4EE}.Release|Any CPU.ActiveCfg = Release|Any CPU
		{661FED62-E29F-417D-96FF-1BA1B64CA4EE}.Release|Any CPU.Build.0 = Release|Any CPU
		{661FED62-E29F-417D-96FF-1BA1B64CA4EE}.Release|x64.ActiveCfg = Release|Any CPU
		{661FED62-E29F-417D-96FF-1BA1B64CA4EE}.Release|x64.Build.0 = Release|Any CPU
		{661FED62-E29F-417D-96FF-1BA1B64CA4EE}.Release|x86.ActiveCfg = Release|Any CPU
		{661FED62-E29F-417D-96FF-1BA1B64CA4EE}.Release|x86.Build.0 = Release|Any CPU
		{22EAF7F2-53E9-45E6-A661-E6ABF500C27E}.Debug|Any CPU.ActiveCfg = Debug|Any CPU
		{22EAF7F2-53E9-45E6-A661-E6ABF500C27E}.Debug|Any CPU.Build.0 = Debug|Any CPU
		{22EAF7F2-53E9-45E6-A661-E6ABF500C27E}.Debug|x64.ActiveCfg = Debug|Any CPU
		{22EAF7F2-53E9-45E6-A661-E6ABF500C27E}.Debug|x64.Build.0 = Debug|Any CPU
		{22EAF7F2-53E9-45E6-A661-E6ABF500C27E}.Debug|x86.ActiveCfg = Debug|Any CPU
		{22EAF7F2-53E9-45E6-A661-E6ABF500C27E}.Debug|x86.Build.0 = Debug|Any CPU
		{22EAF7F2-53E9-45E6-A661-E6ABF500C27E}.Release|Any CPU.ActiveCfg = Release|Any CPU
		{22EAF7F2-53E9-45E6-A661-E6ABF500C27E}.Release|Any CPU.Build.0 = Release|Any CPU
		{22EAF7F2-53E9-45E6-A661-E6ABF500C27E}.Release|x64.ActiveCfg = Release|Any CPU
		{22EAF7F2-53E9-45E6-A661-E6ABF500C27E}.Release|x64.Build.0 = Release|Any CPU
		{22EAF7F2-53E9-45E6-A661-E6ABF500C27E}.Release|x86.ActiveCfg = Release|Any CPU
		{22EAF7F2-53E9-45E6-A661-E6ABF500C27E}.Release|x86.Build.0 = Release|Any CPU
		{5F884986-C1C6-4549-B09E-5FC346751B6A}.Debug|Any CPU.ActiveCfg = Debug|Any CPU
		{5F884986-C1C6-4549-B09E-5FC346751B6A}.Debug|Any CPU.Build.0 = Debug|Any CPU
		{5F884986-C1C6-4549-B09E-5FC346751B6A}.Debug|x64.ActiveCfg = Debug|Any CPU
		{5F884986-C1C6-4549-B09E-5FC346751B6A}.Debug|x64.Build.0 = Debug|Any CPU
		{5F884986-C1C6-4549-B09E-5FC346751B6A}.Debug|x86.ActiveCfg = Debug|Any CPU
		{5F884986-C1C6-4549-B09E-5FC346751B6A}.Debug|x86.Build.0 = Debug|Any CPU
		{5F884986-C1C6-4549-B09E-5FC346751B6A}.Release|Any CPU.ActiveCfg = Release|Any CPU
		{5F884986-C1C6-4549-B09E-5FC346751B6A}.Release|Any CPU.Build.0 = Release|Any CPU
		{5F884986-C1C6-4549-B09E-5FC346751B6A}.Release|x64.ActiveCfg = Release|Any CPU
		{5F884986-C1C6-4549-B09E-5FC346751B6A}.Release|x64.Build.0 = Release|Any CPU
		{5F884986-C1C6-4549-B09E-5FC346751B6A}.Release|x86.ActiveCfg = Release|Any CPU
		{5F884986-C1C6-4549-B09E-5FC346751B6A}.Release|x86.Build.0 = Release|Any CPU
		{45A1F0B6-2847-4B01-89CD-93820432934A}.Debug|Any CPU.ActiveCfg = Debug|Any CPU
		{45A1F0B6-2847-4B01-89CD-93820432934A}.Debug|Any CPU.Build.0 = Debug|Any CPU
		{45A1F0B6-2847-4B01-89CD-93820432934A}.Debug|x64.ActiveCfg = Debug|Any CPU
		{45A1F0B6-2847-4B01-89CD-93820432934A}.Debug|x64.Build.0 = Debug|Any CPU
		{45A1F0B6-2847-4B01-89CD-93820432934A}.Debug|x86.ActiveCfg = Debug|Any CPU
		{45A1F0B6-2847-4B01-89CD-93820432934A}.Debug|x86.Build.0 = Debug|Any CPU
		{45A1F0B6-2847-4B01-89CD-93820432934A}.Release|Any CPU.ActiveCfg = Release|Any CPU
		{45A1F0B6-2847-4B01-89CD-93820432934A}.Release|Any CPU.Build.0 = Release|Any CPU
		{45A1F0B6-2847-4B01-89CD-93820432934A}.Release|x64.ActiveCfg = Release|Any CPU
		{45A1F0B6-2847-4B01-89CD-93820432934A}.Release|x64.Build.0 = Release|Any CPU
		{45A1F0B6-2847-4B01-89CD-93820432934A}.Release|x86.ActiveCfg = Release|Any CPU
		{45A1F0B6-2847-4B01-89CD-93820432934A}.Release|x86.Build.0 = Release|Any CPU
		{86B27443-9EDE-44B0-AC75-72B4F7CF38D4}.Debug|Any CPU.ActiveCfg = Debug|Any CPU
		{86B27443-9EDE-44B0-AC75-72B4F7CF38D4}.Debug|Any CPU.Build.0 = Debug|Any CPU
		{86B27443-9EDE-44B0-AC75-72B4F7CF38D4}.Debug|x64.ActiveCfg = Debug|Any CPU
		{86B27443-9EDE-44B0-AC75-72B4F7CF38D4}.Debug|x64.Build.0 = Debug|Any CPU
		{86B27443-9EDE-44B0-AC75-72B4F7CF38D4}.Debug|x86.ActiveCfg = Debug|Any CPU
		{86B27443-9EDE-44B0-AC75-72B4F7CF38D4}.Debug|x86.Build.0 = Debug|Any CPU
		{86B27443-9EDE-44B0-AC75-72B4F7CF38D4}.Release|Any CPU.ActiveCfg = Release|Any CPU
		{86B27443-9EDE-44B0-AC75-72B4F7CF38D4}.Release|Any CPU.Build.0 = Release|Any CPU
		{86B27443-9EDE-44B0-AC75-72B4F7CF38D4}.Release|x64.ActiveCfg = Release|Any CPU
		{86B27443-9EDE-44B0-AC75-72B4F7CF38D4}.Release|x64.Build.0 = Release|Any CPU
		{86B27443-9EDE-44B0-AC75-72B4F7CF38D4}.Release|x86.ActiveCfg = Release|Any CPU
		{86B27443-9EDE-44B0-AC75-72B4F7CF38D4}.Release|x86.Build.0 = Release|Any CPU
		{55B16DEA-F50A-4236-80BA-3F552497D2BB}.Debug|Any CPU.ActiveCfg = Debug|Any CPU
		{55B16DEA-F50A-4236-80BA-3F552497D2BB}.Debug|Any CPU.Build.0 = Debug|Any CPU
		{55B16DEA-F50A-4236-80BA-3F552497D2BB}.Debug|x64.ActiveCfg = Debug|Any CPU
		{55B16DEA-F50A-4236-80BA-3F552497D2BB}.Debug|x64.Build.0 = Debug|Any CPU
		{55B16DEA-F50A-4236-80BA-3F552497D2BB}.Debug|x86.ActiveCfg = Debug|Any CPU
		{55B16DEA-F50A-4236-80BA-3F552497D2BB}.Debug|x86.Build.0 = Debug|Any CPU
		{55B16DEA-F50A-4236-80BA-3F552497D2BB}.Release|Any CPU.ActiveCfg = Release|Any CPU
		{55B16DEA-F50A-4236-80BA-3F552497D2BB}.Release|Any CPU.Build.0 = Release|Any CPU
		{55B16DEA-F50A-4236-80BA-3F552497D2BB}.Release|x64.ActiveCfg = Release|Any CPU
		{55B16DEA-F50A-4236-80BA-3F552497D2BB}.Release|x64.Build.0 = Release|Any CPU
		{55B16DEA-F50A-4236-80BA-3F552497D2BB}.Release|x86.ActiveCfg = Release|Any CPU
		{55B16DEA-F50A-4236-80BA-3F552497D2BB}.Release|x86.Build.0 = Release|Any CPU
		{550B6FE4-3785-4ECF-B69B-F9F41B706DDA}.Debug|Any CPU.ActiveCfg = Debug|Any CPU
		{550B6FE4-3785-4ECF-B69B-F9F41B706DDA}.Debug|Any CPU.Build.0 = Debug|Any CPU
		{550B6FE4-3785-4ECF-B69B-F9F41B706DDA}.Debug|x64.ActiveCfg = Debug|Any CPU
		{550B6FE4-3785-4ECF-B69B-F9F41B706DDA}.Debug|x64.Build.0 = Debug|Any CPU
		{550B6FE4-3785-4ECF-B69B-F9F41B706DDA}.Debug|x86.ActiveCfg = Debug|Any CPU
		{550B6FE4-3785-4ECF-B69B-F9F41B706DDA}.Debug|x86.Build.0 = Debug|Any CPU
		{550B6FE4-3785-4ECF-B69B-F9F41B706DDA}.Release|Any CPU.ActiveCfg = Release|Any CPU
		{550B6FE4-3785-4ECF-B69B-F9F41B706DDA}.Release|Any CPU.Build.0 = Release|Any CPU
		{550B6FE4-3785-4ECF-B69B-F9F41B706DDA}.Release|x64.ActiveCfg = Release|Any CPU
		{550B6FE4-3785-4ECF-B69B-F9F41B706DDA}.Release|x64.Build.0 = Release|Any CPU
		{550B6FE4-3785-4ECF-B69B-F9F41B706DDA}.Release|x86.ActiveCfg = Release|Any CPU
		{550B6FE4-3785-4ECF-B69B-F9F41B706DDA}.Release|x86.Build.0 = Release|Any CPU
		{BF7A5F23-CE81-4877-AE09-958FA3A87D53}.Debug|Any CPU.ActiveCfg = Debug|Any CPU
		{BF7A5F23-CE81-4877-AE09-958FA3A87D53}.Debug|Any CPU.Build.0 = Debug|Any CPU
		{BF7A5F23-CE81-4877-AE09-958FA3A87D53}.Debug|x64.ActiveCfg = Debug|Any CPU
		{BF7A5F23-CE81-4877-AE09-958FA3A87D53}.Debug|x64.Build.0 = Debug|Any CPU
		{BF7A5F23-CE81-4877-AE09-958FA3A87D53}.Debug|x86.ActiveCfg = Debug|Any CPU
		{BF7A5F23-CE81-4877-AE09-958FA3A87D53}.Debug|x86.Build.0 = Debug|Any CPU
		{BF7A5F23-CE81-4877-AE09-958FA3A87D53}.Release|Any CPU.ActiveCfg = Release|Any CPU
		{BF7A5F23-CE81-4877-AE09-958FA3A87D53}.Release|Any CPU.Build.0 = Release|Any CPU
		{BF7A5F23-CE81-4877-AE09-958FA3A87D53}.Release|x64.ActiveCfg = Release|Any CPU
		{BF7A5F23-CE81-4877-AE09-958FA3A87D53}.Release|x64.Build.0 = Release|Any CPU
		{BF7A5F23-CE81-4877-AE09-958FA3A87D53}.Release|x86.ActiveCfg = Release|Any CPU
		{BF7A5F23-CE81-4877-AE09-958FA3A87D53}.Release|x86.Build.0 = Release|Any CPU
		{C7EA4589-741D-4826-A5AB-BD14E36034B1}.Debug|Any CPU.ActiveCfg = Debug|Any CPU
		{C7EA4589-741D-4826-A5AB-BD14E36034B1}.Debug|Any CPU.Build.0 = Debug|Any CPU
		{C7EA4589-741D-4826-A5AB-BD14E36034B1}.Debug|x64.ActiveCfg = Debug|Any CPU
		{C7EA4589-741D-4826-A5AB-BD14E36034B1}.Debug|x64.Build.0 = Debug|Any CPU
		{C7EA4589-741D-4826-A5AB-BD14E36034B1}.Debug|x86.ActiveCfg = Debug|Any CPU
		{C7EA4589-741D-4826-A5AB-BD14E36034B1}.Debug|x86.Build.0 = Debug|Any CPU
		{C7EA4589-741D-4826-A5AB-BD14E36034B1}.Release|Any CPU.ActiveCfg = Release|Any CPU
		{C7EA4589-741D-4826-A5AB-BD14E36034B1}.Release|Any CPU.Build.0 = Release|Any CPU
		{C7EA4589-741D-4826-A5AB-BD14E36034B1}.Release|x64.ActiveCfg = Release|Any CPU
		{C7EA4589-741D-4826-A5AB-BD14E36034B1}.Release|x64.Build.0 = Release|Any CPU
		{C7EA4589-741D-4826-A5AB-BD14E36034B1}.Release|x86.ActiveCfg = Release|Any CPU
		{C7EA4589-741D-4826-A5AB-BD14E36034B1}.Release|x86.Build.0 = Release|Any CPU
		{540EB84D-A4FA-41DD-A4B7-9ABA9F841835}.Debug|Any CPU.ActiveCfg = Debug|Any CPU
		{540EB84D-A4FA-41DD-A4B7-9ABA9F841835}.Debug|Any CPU.Build.0 = Debug|Any CPU
		{540EB84D-A4FA-41DD-A4B7-9ABA9F841835}.Debug|x64.ActiveCfg = Debug|Any CPU
		{540EB84D-A4FA-41DD-A4B7-9ABA9F841835}.Debug|x64.Build.0 = Debug|Any CPU
		{540EB84D-A4FA-41DD-A4B7-9ABA9F841835}.Debug|x86.ActiveCfg = Debug|Any CPU
		{540EB84D-A4FA-41DD-A4B7-9ABA9F841835}.Debug|x86.Build.0 = Debug|Any CPU
		{540EB84D-A4FA-41DD-A4B7-9ABA9F841835}.Release|Any CPU.ActiveCfg = Release|Any CPU
		{540EB84D-A4FA-41DD-A4B7-9ABA9F841835}.Release|Any CPU.Build.0 = Release|Any CPU
		{540EB84D-A4FA-41DD-A4B7-9ABA9F841835}.Release|x64.ActiveCfg = Release|Any CPU
		{540EB84D-A4FA-41DD-A4B7-9ABA9F841835}.Release|x64.Build.0 = Release|Any CPU
		{540EB84D-A4FA-41DD-A4B7-9ABA9F841835}.Release|x86.ActiveCfg = Release|Any CPU
		{540EB84D-A4FA-41DD-A4B7-9ABA9F841835}.Release|x86.Build.0 = Release|Any CPU
		{8DC2947A-6591-4B27-BB43-5A77EDF780C6}.Debug|Any CPU.ActiveCfg = Debug|Any CPU
		{8DC2947A-6591-4B27-BB43-5A77EDF780C6}.Debug|Any CPU.Build.0 = Debug|Any CPU
		{8DC2947A-6591-4B27-BB43-5A77EDF780C6}.Debug|x64.ActiveCfg = Debug|Any CPU
		{8DC2947A-6591-4B27-BB43-5A77EDF780C6}.Debug|x64.Build.0 = Debug|Any CPU
		{8DC2947A-6591-4B27-BB43-5A77EDF780C6}.Debug|x86.ActiveCfg = Debug|Any CPU
		{8DC2947A-6591-4B27-BB43-5A77EDF780C6}.Debug|x86.Build.0 = Debug|Any CPU
		{8DC2947A-6591-4B27-BB43-5A77EDF780C6}.Release|Any CPU.ActiveCfg = Release|Any CPU
		{8DC2947A-6591-4B27-BB43-5A77EDF780C6}.Release|Any CPU.Build.0 = Release|Any CPU
		{8DC2947A-6591-4B27-BB43-5A77EDF780C6}.Release|x64.ActiveCfg = Release|Any CPU
		{8DC2947A-6591-4B27-BB43-5A77EDF780C6}.Release|x64.Build.0 = Release|Any CPU
		{8DC2947A-6591-4B27-BB43-5A77EDF780C6}.Release|x86.ActiveCfg = Release|Any CPU
		{8DC2947A-6591-4B27-BB43-5A77EDF780C6}.Release|x86.Build.0 = Release|Any CPU
		{27A6EDC5-6CDB-47DF-AAC4-AE83A7336E5D}.Debug|Any CPU.ActiveCfg = Debug|Any CPU
		{27A6EDC5-6CDB-47DF-AAC4-AE83A7336E5D}.Debug|Any CPU.Build.0 = Debug|Any CPU
		{27A6EDC5-6CDB-47DF-AAC4-AE83A7336E5D}.Debug|x64.ActiveCfg = Debug|Any CPU
		{27A6EDC5-6CDB-47DF-AAC4-AE83A7336E5D}.Debug|x64.Build.0 = Debug|Any CPU
		{27A6EDC5-6CDB-47DF-AAC4-AE83A7336E5D}.Debug|x86.ActiveCfg = Debug|Any CPU
		{27A6EDC5-6CDB-47DF-AAC4-AE83A7336E5D}.Debug|x86.Build.0 = Debug|Any CPU
		{27A6EDC5-6CDB-47DF-AAC4-AE83A7336E5D}.Release|Any CPU.ActiveCfg = Release|Any CPU
		{27A6EDC5-6CDB-47DF-AAC4-AE83A7336E5D}.Release|Any CPU.Build.0 = Release|Any CPU
		{27A6EDC5-6CDB-47DF-AAC4-AE83A7336E5D}.Release|x64.ActiveCfg = Release|Any CPU
		{27A6EDC5-6CDB-47DF-AAC4-AE83A7336E5D}.Release|x64.Build.0 = Release|Any CPU
		{27A6EDC5-6CDB-47DF-AAC4-AE83A7336E5D}.Release|x86.ActiveCfg = Release|Any CPU
		{27A6EDC5-6CDB-47DF-AAC4-AE83A7336E5D}.Release|x86.Build.0 = Release|Any CPU
		{655A1832-6DD1-47D5-A7ED-DEAF1CB2C789}.Debug|Any CPU.ActiveCfg = Debug|Any CPU
		{655A1832-6DD1-47D5-A7ED-DEAF1CB2C789}.Debug|Any CPU.Build.0 = Debug|Any CPU
		{655A1832-6DD1-47D5-A7ED-DEAF1CB2C789}.Debug|x64.ActiveCfg = Debug|Any CPU
		{655A1832-6DD1-47D5-A7ED-DEAF1CB2C789}.Debug|x64.Build.0 = Debug|Any CPU
		{655A1832-6DD1-47D5-A7ED-DEAF1CB2C789}.Debug|x86.ActiveCfg = Debug|Any CPU
		{655A1832-6DD1-47D5-A7ED-DEAF1CB2C789}.Debug|x86.Build.0 = Debug|Any CPU
		{655A1832-6DD1-47D5-A7ED-DEAF1CB2C789}.Release|Any CPU.ActiveCfg = Release|Any CPU
		{655A1832-6DD1-47D5-A7ED-DEAF1CB2C789}.Release|Any CPU.Build.0 = Release|Any CPU
		{655A1832-6DD1-47D5-A7ED-DEAF1CB2C789}.Release|x64.ActiveCfg = Release|Any CPU
		{655A1832-6DD1-47D5-A7ED-DEAF1CB2C789}.Release|x64.Build.0 = Release|Any CPU
		{655A1832-6DD1-47D5-A7ED-DEAF1CB2C789}.Release|x86.ActiveCfg = Release|Any CPU
		{655A1832-6DD1-47D5-A7ED-DEAF1CB2C789}.Release|x86.Build.0 = Release|Any CPU
		{A30BF4E1-DA67-445F-A5C2-632A2C807DB3}.Debug|Any CPU.ActiveCfg = Debug|Any CPU
		{A30BF4E1-DA67-445F-A5C2-632A2C807DB3}.Debug|Any CPU.Build.0 = Debug|Any CPU
		{A30BF4E1-DA67-445F-A5C2-632A2C807DB3}.Debug|x64.ActiveCfg = Debug|Any CPU
		{A30BF4E1-DA67-445F-A5C2-632A2C807DB3}.Debug|x64.Build.0 = Debug|Any CPU
		{A30BF4E1-DA67-445F-A5C2-632A2C807DB3}.Debug|x86.ActiveCfg = Debug|Any CPU
		{A30BF4E1-DA67-445F-A5C2-632A2C807DB3}.Debug|x86.Build.0 = Debug|Any CPU
		{A30BF4E1-DA67-445F-A5C2-632A2C807DB3}.Release|Any CPU.ActiveCfg = Release|Any CPU
		{A30BF4E1-DA67-445F-A5C2-632A2C807DB3}.Release|Any CPU.Build.0 = Release|Any CPU
		{A30BF4E1-DA67-445F-A5C2-632A2C807DB3}.Release|x64.ActiveCfg = Release|Any CPU
		{A30BF4E1-DA67-445F-A5C2-632A2C807DB3}.Release|x64.Build.0 = Release|Any CPU
		{A30BF4E1-DA67-445F-A5C2-632A2C807DB3}.Release|x86.ActiveCfg = Release|Any CPU
		{A30BF4E1-DA67-445F-A5C2-632A2C807DB3}.Release|x86.Build.0 = Release|Any CPU
		{97B06943-FD63-4138-A498-30394945121D}.Debug|Any CPU.ActiveCfg = Debug|Any CPU
		{97B06943-FD63-4138-A498-30394945121D}.Debug|Any CPU.Build.0 = Debug|Any CPU
		{97B06943-FD63-4138-A498-30394945121D}.Debug|x64.ActiveCfg = Debug|Any CPU
		{97B06943-FD63-4138-A498-30394945121D}.Debug|x64.Build.0 = Debug|Any CPU
		{97B06943-FD63-4138-A498-30394945121D}.Debug|x86.ActiveCfg = Debug|Any CPU
		{97B06943-FD63-4138-A498-30394945121D}.Debug|x86.Build.0 = Debug|Any CPU
		{97B06943-FD63-4138-A498-30394945121D}.Release|Any CPU.ActiveCfg = Release|Any CPU
		{97B06943-FD63-4138-A498-30394945121D}.Release|Any CPU.Build.0 = Release|Any CPU
		{97B06943-FD63-4138-A498-30394945121D}.Release|x64.ActiveCfg = Release|Any CPU
		{97B06943-FD63-4138-A498-30394945121D}.Release|x64.Build.0 = Release|Any CPU
		{97B06943-FD63-4138-A498-30394945121D}.Release|x86.ActiveCfg = Release|Any CPU
		{97B06943-FD63-4138-A498-30394945121D}.Release|x86.Build.0 = Release|Any CPU
		{6BC288CD-0661-4941-8A52-8D920E69059A}.Debug|Any CPU.ActiveCfg = Debug|Any CPU
		{6BC288CD-0661-4941-8A52-8D920E69059A}.Debug|Any CPU.Build.0 = Debug|Any CPU
		{6BC288CD-0661-4941-8A52-8D920E69059A}.Debug|x64.ActiveCfg = Debug|Any CPU
		{6BC288CD-0661-4941-8A52-8D920E69059A}.Debug|x64.Build.0 = Debug|Any CPU
		{6BC288CD-0661-4941-8A52-8D920E69059A}.Debug|x86.ActiveCfg = Debug|Any CPU
		{6BC288CD-0661-4941-8A52-8D920E69059A}.Debug|x86.Build.0 = Debug|Any CPU
		{6BC288CD-0661-4941-8A52-8D920E69059A}.Release|Any CPU.ActiveCfg = Release|Any CPU
		{6BC288CD-0661-4941-8A52-8D920E69059A}.Release|Any CPU.Build.0 = Release|Any CPU
		{6BC288CD-0661-4941-8A52-8D920E69059A}.Release|x64.ActiveCfg = Release|Any CPU
		{6BC288CD-0661-4941-8A52-8D920E69059A}.Release|x64.Build.0 = Release|Any CPU
		{6BC288CD-0661-4941-8A52-8D920E69059A}.Release|x86.ActiveCfg = Release|Any CPU
		{6BC288CD-0661-4941-8A52-8D920E69059A}.Release|x86.Build.0 = Release|Any CPU
	EndGlobalSection
	GlobalSection(SolutionProperties) = preSolution
		HideSolutionNode = FALSE
	EndGlobalSection
	GlobalSection(NestedProjects) = preSolution
		{C41B9032-4626-4ED0-9063-F2007E96CC12} = {54C27F26-71CB-9721-02CF-9E5332C2F895}
		{661FED62-E29F-417D-96FF-1BA1B64CA4EE} = {2C0108AB-5D27-61AE-3E27-841A964D9CD4}
	EndGlobalSection
EndGlobal
